
Microsoft Visual Studio Solution File, Format Version 12.00
# Visual Studio Version 17
VisualStudioVersion = 17.6.33829.357
MinimumVisualStudioVersion = 10.0.40219.1
Project("{FAE04EC0-301F-11D3-BF4B-00C04F79EFBC}") = "GUI", "Quanlymonan1\GUI.csproj", "{6E124C01-78C3-4CFE-8D17-73FBA87D312C}"
EndProject
Project("{FAE04EC0-301F-11D3-BF4B-00C04F79EFBC}") = "DAL", "DAL\DAL.csproj", "{656DE2F0-121A-4142-8DF8-DEB0E2099A1B}"
EndProject
Project("{FAE04EC0-301F-11D3-BF4B-00C04F79EFBC}") = "DTO", "DTO\DTO.csproj", "{A954EA2E-793D-4C97-A78E-EEBDB9696819}"
EndProject
Project("{FAE04EC0-301F-11D3-BF4B-00C04F79EFBC}") = "BUS", "BUS\BUS.csproj", "{0A7AF51F-F8E9-4022-8B07-ACCBE0420540}"
EndProject
Global
	GlobalSection(SolutionConfigurationPlatforms) = preSolution
		Debug|Any CPU = Debug|Any CPU
		Release|Any CPU = Release|Any CPU
	EndGlobalSection
	GlobalSection(ProjectConfigurationPlatforms) = postSolution
		{6E124C01-78C3-4CFE-8D17-73FBA87D312C}.Debug|Any CPU.ActiveCfg = Debug|Any CPU
		{6E124C01-78C3-4CFE-8D17-73FBA87D312C}.Debug|Any CPU.Build.0 = Debug|Any CPU
		{6E124C01-78C3-4CFE-8D17-73FBA87D312C}.Release|Any CPU.ActiveCfg = Release|Any CPU
		{6E124C01-78C3-4CFE-8D17-73FBA87D312C}.Release|Any CPU.Build.0 = Release|Any CPU
		{656DE2F0-121A-4142-8DF8-DEB0E2099A1B}.Debug|Any CPU.ActiveCfg = Debug|Any CPU
		{656DE2F0-121A-4142-8DF8-DEB0E2099A1B}.Debug|Any CPU.Build.0 = Debug|Any CPU
		{656DE2F0-121A-4142-8DF8-DEB0E2099A1B}.Release|Any CPU.ActiveCfg = Release|Any CPU
		{656DE2F0-121A-4142-8DF8-DEB0E2099A1B}.Release|Any CPU.Build.0 = Release|Any CPU
		{A954EA2E-793D-4C97-A78E-EEBDB9696819}.Debug|Any CPU.ActiveCfg = Debug|Any CPU
		{A954EA2E-793D-4C97-A78E-EEBDB9696819}.Debug|Any CPU.Build.0 = Debug|Any CPU
		{A954EA2E-793D-4C97-A78E-EEBDB9696819}.Release|Any CPU.ActiveCfg = Release|Any CPU
		{A954EA2E-793D-4C97-A78E-EEBDB9696819}.Release|Any CPU.Build.0 = Release|Any CPU
		{0A7AF51F-F8E9-4022-8B07-ACCBE0420540}.Debug|Any CPU.ActiveCfg = Debug|Any CPU
		{0A7AF51F-F8E9-4022-8B07-ACCBE0420540}.Debug|Any CPU.Build.0 = Debug|Any CPU
		{0A7AF51F-F8E9-4022-8B07-ACCBE0420540}.Release|Any CPU.ActiveCfg = Release|Any CPU
		{0A7AF51F-F8E9-4022-8B07-ACCBE0420540}.Release|Any CPU.Build.0 = Release|Any CPU
	EndGlobalSection
	GlobalSection(SolutionProperties) = preSolution
		HideSolutionNode = FALSE
	EndGlobalSection
	GlobalSection(ExtensibilityGlobals) = postSolution
		SolutionGuid = {A59DE414-5069-41ED-AD59-9303CC101BFC}
	EndGlobalSection
EndGlobal
